github.com/chaosknight/gowebsocket v0.0.0-20210417145331-f262a7232545 h1:RxlqkxQta8AiY7RtMFTLX6yQDBaGidlqv5BuQCcQjVQ=
github.com/chaosknight/gowebsocket v0.0.0-20210417145331-f262a7232545/go.mod h1:08qvn6WnK2crhLQvkYbT1IyX7emxlB8TY314Dl6ZJJ4=
github.com/chaosknight/skynet v0.0.0-20230418022037-03268b560c41 h1:c5HLHOs1zQveylNpPDTYnWscoXraQbOYNb9y2wSRTFQ=
github.com/chaosknight/skynet v0.0.0-20230418022037-03268b560c41/go.mod h1:B/ZffE72bzeSz5gOBXP22wHZIQqmTwdVzixhVZoekjE=
github.com/chaosknight/skynet v0.0.0-20230419073225-a6c5134aabaf h1:f/rZs5eW5ZEWdkrenjtGcAW/uej4MHl0vSZ1J8zIt2E=
github.com/chaosknight/skynet v0.0.0-20230419073225-a6c5134aabaf/go.mod h1:B/ZffE72bzeSz5gOBXP22wHZIQqmTwdVzixhVZoekjE=
github.com/davecgh/go-spew v1.1.0/go.mod h1:J7Y8YcW2NihsgmVo/mv3lAwl/skON4iLHjSsI+c5H38=
github.com/forgoer/openssl v1.5.0 h1:zu1AvfECl6VatFfkfryvI/C8Cru+xLEvZ6Q80DmAPRc=
github.com/forgoer/openssl v1.5.0/go.mod h1:NMVFOzYeLVR7UiGTxsa+A21nrERTZ3Rv2JHDPcJpDyI=
github.com/gorilla/mux v1.8.0 h1:i40aqfkR1h2SlN9hojwV5ZA91wcXFOvkdNIeFDP5koI=
github.com/gorilla/mux v1.8.0/go.mod h1:DVbg23sWSpFRCP0SfiEN6jmj59UnW/n46BH5rLB71So=
github.com/gorilla/websocket v1.5.0 h1:PPwGk2jz7EePpoHN/+ClbZu8SPxiqlu12wZP/3sWmnc=
github.com/gorilla/websocket v1.5.0/go.mod h1:YR8l580nyteQvAITg2hZ9XVh4b55+EU/adAjf1fMHhE=
github.com/nahid/gohttp v0.0.1 h1:Z9PjfMn3IQW381YKxz/hj1ehXFtq2qe1yg1XwB9tXE0=
github.com/nahid/gohttp v0.0.1/go.mod h1:8WCiFXImqNqoBV1xPUFMwTmO9ZWrF6UsILmQjhW7ETU=
github.com/pmezard/go-difflib v1.0.0/go.mod h1:iKH77koFhYxTK1pcRnkKkqfTogsbg7gZNVY4sRDYZ/4=
github.com/sacOO7/go-logger v0.0.0-20180719173527-9ac9add5a50d h1:5T+fbRuQbpi+WZtB2yfuu59r00F6T2HV/zGYrwX8nvE=
github.com/sacOO7/go-logger v0.0.0-20180719173527-9ac9add5a50d/go.mod h1:L5EJe2k8GwpBoGXDRLAEs58R239jpZuE7NNEtW+T7oo=
github.com/stretchr/objx v0.1.0/go.mod h1:HFkY916IF+rwdDfMAkV7OtwuqBVzrE8GR6GFx+wExME=
github.com/stretchr/testify v1.4.0/go.mod h1:j7eGeouHqKxXV5pUuKE4zz7dFj8WfuZ+81PSLYec5m4=
gopkg.in/check.v1 v0.0.0-20161208181325-20d25e280405/go.mod h1:Co6ibVJAznAaIkqp8huTwlJQCZ016jof/cbN4VW5Yz0=
gopkg.in/yaml.v2 v2.2.2/go.mod h1:hI93XBmqTisBFMUTm0b8Fm+jr3Dg1NNxqwp+5A1VGuI=
